
Microsoft Visual Studio Solution File, Format Version 12.00
# Visual Studio Version 16
VisualStudioVersion = 16.0.31624.102
MinimumVisualStudioVersion = 10.0.40219.1
Project("{FAE04EC0-301F-11D3-BF4B-00C04F79EFBC}") = "Text2Speech", "Text2Speech\Text2Speech.csproj", "{70300AD7-4B4A-4BCD-9190-4D92FD8BAFA6}"
EndProject
Global
	GlobalSection(SolutionConfigurationPlatforms) = preSolution
		Debug|Any CPU = Debug|Any CPU
		Debug|x64 = Debug|x64
		Release|Any CPU = Release|Any CPU
		Release|x64 = Release|x64
	EndGlobalSection
	GlobalSection(ProjectConfigurationPlatforms) = postSolution
		{70300AD7-4B4A-4BCD-9190-4D92FD8BAFA6}.Debug|Any CPU.ActiveCfg = Debug|Any CPU
		{70300AD7-4B4A-4BCD-9190-4D92FD8BAFA6}.Debug|Any CPU.Build.0 = Debug|Any CPU
		{70300AD7-4B4A-4BCD-9190-4D92FD8BAFA6}.Debug|x64.ActiveCfg = Debug|x64
		{70300AD7-4B4A-4BCD-9190-4D92FD8BAFA6}.Debug|x64.Build.0 = Debug|x64
		{70300AD7-4B4A-4BCD-9190-4D92FD8BAFA6}.Release|Any CPU.ActiveCfg = Release|Any CPU
		{70300AD7-4B4A-4BCD-9190-4D92FD8BAFA6}.Release|Any CPU.Build.0 = Release|Any CPU
		{70300AD7-4B4A-4BCD-9190-4D92FD8BAFA6}.Release|x64.ActiveCfg = Release|x64
		{70300AD7-4B4A-4BCD-9190-4D92FD8BAFA6}.Release|x64.Build.0 = Release|x64
	EndGlobalSection
	GlobalSection(SolutionProperties) = preSolution
		HideSolutionNode = FALSE
	EndGlobalSection
	GlobalSection(ExtensibilityGlobals) = postSolution
		SolutionGuid = {6D87A81F-4C72-40D7-AC23-A6F2A6E0A880}
	EndGlobalSection
EndGlobal
